
Microsoft Visual Studio Solution File, Format Version 12.00
# Visual Studio Version 17
VisualStudioVersion = 17.5.002.0
MinimumVisualStudioVersion = 10.0.40219.1
Project("{9A19103F-16F7-4668-BE54-9A1E7A4F7556}") = "program015", "program015.csproj", "{24B05141-93E2-496B-90C9-A444CA1BFC20}"
EndProject
Global
	GlobalSection(SolutionConfigurationPlatforms) = preSolution
		Debug|Any CPU = Debug|Any CPU
		Release|Any CPU = Release|Any CPU
	EndGlobalSection
	GlobalSection(ProjectConfigurationPlatforms) = postSolution
		{24B05141-93E2-496B-90C9-A444CA1BFC20}.Debug|Any CPU.ActiveCfg = Debug|Any CPU
		{24B05141-93E2-496B-90C9-A444CA1BFC20}.Debug|Any CPU.Build.0 = Debug|Any CPU
		{24B05141-93E2-496B-90C9-A444CA1BFC20}.Release|Any CPU.ActiveCfg = Release|Any CPU
		{24B05141-93E2-496B-90C9-A444CA1BFC20}.Release|Any CPU.Build.0 = Release|Any CPU
	EndGlobalSection
	GlobalSection(SolutionProperties) = preSolution
		HideSolutionNode = FALSE
	EndGlobalSection
	GlobalSection(ExtensibilityGlobals) = postSolution
		SolutionGuid = {0D18EEBF-D2D7-4BE6-BBB8-60DE7169ECEC}
	EndGlobalSection
EndGlobal
