
Microsoft Visual Studio Solution File, Format Version 12.00
# Visual Studio Version 17
VisualStudioVersion = 17.5.002.0
MinimumVisualStudioVersion = 10.0.40219.1
Project("{9A19103F-16F7-4668-BE54-9A1E7A4F7556}") = "program000-zakladni-kod", "program000-zakladni-kod.csproj", "{D87D2A27-903F-4B8D-AA10-B24D50A6C4DB}"
EndProject
Global
	GlobalSection(SolutionConfigurationPlatforms) = preSolution
		Debug|Any CPU = Debug|Any CPU
		Release|Any CPU = Release|Any CPU
	EndGlobalSection
	GlobalSection(ProjectConfigurationPlatforms) = postSolution
		{D87D2A27-903F-4B8D-AA10-B24D50A6C4DB}.Debug|Any CPU.ActiveCfg = Debug|Any CPU
		{D87D2A27-903F-4B8D-AA10-B24D50A6C4DB}.Debug|Any CPU.Build.0 = Debug|Any CPU
		{D87D2A27-903F-4B8D-AA10-B24D50A6C4DB}.Release|Any CPU.ActiveCfg = Release|Any CPU
		{D87D2A27-903F-4B8D-AA10-B24D50A6C4DB}.Release|Any CPU.Build.0 = Release|Any CPU
	EndGlobalSection
	GlobalSection(SolutionProperties) = preSolution
		HideSolutionNode = FALSE
	EndGlobalSection
	GlobalSection(ExtensibilityGlobals) = postSolution
		SolutionGuid = {56D3DEC1-D42C-44F0-8C48-C08994AA653F}
	EndGlobalSection
EndGlobal
