
Microsoft Visual Studio Solution File, Format Version 12.00
# Visual Studio Version 17
VisualStudioVersion = 17.5.002.0
MinimumVisualStudioVersion = 10.0.40219.1
Project("{9A19103F-16F7-4668-BE54-9A1E7A4F7556}") = "003-treti-program-vykreslovani-obrazcu", "003-treti-program-vykreslovani-obrazcu.csproj", "{9A64F8D7-31C0-4FD6-87F4-A41709578214}"
EndProject
Global
	GlobalSection(SolutionConfigurationPlatforms) = preSolution
		Debug|Any CPU = Debug|Any CPU
		Release|Any CPU = Release|Any CPU
	EndGlobalSection
	GlobalSection(ProjectConfigurationPlatforms) = postSolution
		{9A64F8D7-31C0-4FD6-87F4-A41709578214}.Debug|Any CPU.ActiveCfg = Debug|Any CPU
		{9A64F8D7-31C0-4FD6-87F4-A41709578214}.Debug|Any CPU.Build.0 = Debug|Any CPU
		{9A64F8D7-31C0-4FD6-87F4-A41709578214}.Release|Any CPU.ActiveCfg = Release|Any CPU
		{9A64F8D7-31C0-4FD6-87F4-A41709578214}.Release|Any CPU.Build.0 = Release|Any CPU
	EndGlobalSection
	GlobalSection(SolutionProperties) = preSolution
		HideSolutionNode = FALSE
	EndGlobalSection
	GlobalSection(ExtensibilityGlobals) = postSolution
		SolutionGuid = {C28BC8D1-BA56-49FE-B378-0B94C561D1BA}
	EndGlobalSection
EndGlobal
