
Microsoft Visual Studio Solution File, Format Version 12.00
# Visual Studio Version 17
VisualStudioVersion = 17.5.002.0
MinimumVisualStudioVersion = 10.0.40219.1
Project("{9A19103F-16F7-4668-BE54-9A1E7A4F7556}") = "program004b", "program004b.csproj", "{473DCFFB-62E6-4495-AAB8-82A1033B43F9}"
EndProject
Global
	GlobalSection(SolutionConfigurationPlatforms) = preSolution
		Debug|Any CPU = Debug|Any CPU
		Release|Any CPU = Release|Any CPU
	EndGlobalSection
	GlobalSection(ProjectConfigurationPlatforms) = postSolution
		{473DCFFB-62E6-4495-AAB8-82A1033B43F9}.Debug|Any CPU.ActiveCfg = Debug|Any CPU
		{473DCFFB-62E6-4495-AAB8-82A1033B43F9}.Debug|Any CPU.Build.0 = Debug|Any CPU
		{473DCFFB-62E6-4495-AAB8-82A1033B43F9}.Release|Any CPU.ActiveCfg = Release|Any CPU
		{473DCFFB-62E6-4495-AAB8-82A1033B43F9}.Release|Any CPU.Build.0 = Release|Any CPU
	EndGlobalSection
	GlobalSection(SolutionProperties) = preSolution
		HideSolutionNode = FALSE
	EndGlobalSection
	GlobalSection(ExtensibilityGlobals) = postSolution
		SolutionGuid = {48AD6D23-A212-4FF6-B73F-E7C242441E39}
	EndGlobalSection
EndGlobal
